Microsoft Visual Studio Solution File, Format Version 12.00
# Visual Studio Version 17
VisualStudioVersion = 17.5.2.0
MinimumVisualStudioVersion = 10.0.40219.1
Project("{FAE04EC0-301F-11D3-BF4B-00C04F79EFBC}") = "TrabajoFinal", "TrabajoFinal.csproj", "{5F1D164A-94B3-775F-7FB4-689B8462198B}"
EndProject
Global
	GlobalSection(SolutionConfigurationPlatforms) = preSolution
		Debug|Any CPU = Debug|Any CPU
		Release|Any CPU = Release|Any CPU
	EndGlobalSection
	GlobalSection(ProjectConfigurationPlatforms) = postSolution
		{5F1D164A-94B3-775F-7FB4-689B8462198B}.Debug|Any CPU.ActiveCfg = Debug|Any CPU
		{5F1D164A-94B3-775F-7FB4-689B8462198B}.Debug|Any CPU.Build.0 = Debug|Any CPU
		{5F1D164A-94B3-775F-7FB4-689B8462198B}.Release|Any CPU.ActiveCfg = Release|Any CPU
		{5F1D164A-94B3-775F-7FB4-689B8462198B}.Release|Any CPU.Build.0 = Release|Any CPU
	EndGlobalSection
	GlobalSection(SolutionProperties) = preSolution
		HideSolutionNode = FALSE
	EndGlobalSection
	GlobalSection(ExtensibilityGlobals) = postSolution
		SolutionGuid = {03DEFA0D-A828-4E98-B707-EC62184BB8C3}
	EndGlobalSection
EndGlobal
